# THIS IS AN AUTOGENERATED FILE. DO NOT EDIT THIS FILE DIRECTLY.
# yarn lockfile v1


"@types/color-name@^1.1.1":
  version "1.1.1"
  resolved "https://registry.yarnpkg.com/@types/color-name/-/color-name-1.1.1.tgz#1c1261bbeaa10a8055bbc5d8ab84b7b2afc846a0"
  integrity sha512-rr+OQyAjxze7GgWrSaJwydHStIhHq2lvY3BOC2Mj7KnzI7XK0Uw1TOOdI9lDoajEbSWLiYgoo4f1R51erQfhPQ==

"@types/graphql@^14.5.0":
  version "14.5.0"
  resolved "https://registry.yarnpkg.com/@types/graphql/-/graphql-14.5.0.tgz#a545fb3bc8013a3547cf2f07f5e13a33642b75d6"
  integrity sha512-MOkzsEp1Jk5bXuAsHsUi6BVv0zCO+7/2PTiZMXWDSsMXvNU6w/PLMQT2vHn8hy2i0JqojPz1Sz6rsFjHtsU0lA==
  dependencies:
    graphql "*"

"@types/node-fetch@^2.5.3":
  version "2.5.3"
  resolved "https://registry.yarnpkg.com/@types/node-fetch/-/node-fetch-2.5.3.tgz#b84127facd93642b1fb6439bc630ba0612e3ec50"
  integrity sha512-X3TNlzZ7SuSwZsMkb5fV7GrPbVKvHc2iwHmslb8bIxRKWg2iqkfm3F/Wd79RhDpOXR7wCtKAwc5Y2JE6n/ibyw==
  dependencies:
    "@types/node" "*"

"@types/node@*":
  version "12.11.6"
  resolved "https://registry.yarnpkg.com/@types/node/-/node-12.11.6.tgz#2f8d551aef252de78f42acdccd53f5a8ce0cac4d"
  integrity sha512-4uPUyY1Aofo1YzoypalYHNd2SnKYxH2b6LzXwpryZCJKA2XlagZSynXx5C8sfPH0r1cSltUpaVHV2q5sYXschQ==

"@types/node@^12.12.7":
  version "12.12.7"
  resolved "https://registry.yarnpkg.com/@types/node/-/node-12.12.7.tgz#01e4ea724d9e3bd50d90c11fd5980ba317d8fa11"
  integrity sha512-E6Zn0rffhgd130zbCbAr/JdXfXkoOUFAKNs/rF8qnafSJ8KYaA/j3oz7dcwal+lYjLA7xvdd5J4wdYpCTlP8+w==

"@types/zen-observable@^0.8.0":
  version "0.8.0"
  resolved "https://registry.yarnpkg.com/@types/zen-observable/-/zen-observable-0.8.0.tgz#8b63ab7f1aa5321248aad5ac890a485656dcea4d"
  integrity sha512-te5lMAWii1uEJ4FwLjzdlbw3+n0FZNOvFXHxQDKeT0dilh7HOzdMzV2TrJVUzq8ep7J4Na8OUYPRLSQkJHAlrg==

"@wry/equality@^0.1.2":
  version "0.1.9"
  resolved "https://registry.yarnpkg.com/@wry/equality/-/equality-0.1.9.tgz#b13e18b7a8053c6858aa6c85b54911fb31e3a909"
  integrity sha512-mB6ceGjpMGz1ZTza8HYnrPGos2mC6So4NhS1PtZ8s4Qt0K7fBiIGhpSxUbQmhwcSWE3no+bYxmI2OL6KuXYmoQ==
  dependencies:
    tslib "^1.9.3"

ansi-regex@^5.0.0:
  version "5.0.0"
  resolved "https://registry.yarnpkg.com/ansi-regex/-/ansi-regex-5.0.0.tgz#388539f55179bf39339c81af30a654d69f87cb75"
  integrity sha512-bY6fj56OUQ0hU1KjFNDQuJFezqKdrAyFdIevADiqrWHwSlbmBNMHp5ak2f40Pm8JTFyM2mqxkG6ngkHO11f/lg==

ansi-styles@^3.2.1:
  version "3.2.1"
  resolved "https://registry.yarnpkg.com/ansi-styles/-/ansi-styles-3.2.1.tgz#41fbb20243e50b12be0f04b8dedbf07520ce841d"
  integrity sha512-VT0ZI6kZRdTh8YyJw3SMbYm/u+NqfsAxEpWO0Pf9sq8/e94WxxOpPKx9FR1FlyCtOVDNOQ+8ntlqFxiRc+r5qA==
  dependencies:
    color-convert "^1.9.0"

ansi-styles@^4.1.0:
  version "4.2.0"
  resolved "https://registry.yarnpkg.com/ansi-styles/-/ansi-styles-4.2.0.tgz#5681f0dcf7ae5880a7841d8831c4724ed9cc0172"
  integrity sha512-7kFQgnEaMdRtwf6uSfUnVr9gSGC7faurn+J/Mv90/W+iTtN0405/nLdopfMWwchyxhbGYl6TC4Sccn9TUkGAgg==
  dependencies:
    "@types/color-name" "^1.1.1"
    color-convert "^2.0.1"

apollo-cache@1.3.2:
  version "1.3.2"
  resolved "https://registry.yarnpkg.com/apollo-cache/-/apollo-cache-1.3.2.tgz#df4dce56240d6c95c613510d7e409f7214e6d26a"
  integrity sha512-+KA685AV5ETEJfjZuviRTEImGA11uNBp/MJGnaCvkgr+BYRrGLruVKBv6WvyFod27WEB2sp7SsG8cNBKANhGLg==
  dependencies:
    apollo-utilities "^1.3.2"
    tslib "^1.9.3"

apollo-client@^2.6.4:
  version "2.6.4"
  resolved "https://registry.yarnpkg.com/apollo-client/-/apollo-client-2.6.4.tgz#872c32927263a0d34655c5ef8a8949fbb20b6140"
  integrity sha512-oWOwEOxQ9neHHVZrQhHDbI6bIibp9SHgxaLRVPoGvOFy7OH5XUykZE7hBQAVxq99tQjBzgytaZffQkeWo1B4VQ==
  dependencies:
    "@types/zen-observable" "^0.8.0"
    apollo-cache "1.3.2"
    apollo-link "^1.0.0"
    apollo-utilities "1.3.2"
    symbol-observable "^1.0.2"
    ts-invariant "^0.4.0"
    tslib "^1.9.3"
    zen-observable "^0.8.0"

apollo-link@^1.0.0:
  version "1.2.13"
  resolved "https://registry.yarnpkg.com/apollo-link/-/apollo-link-1.2.13.tgz#dff00fbf19dfcd90fddbc14b6a3f9a771acac6c4"
  integrity sha512-+iBMcYeevMm1JpYgwDEIDt/y0BB7VWyvlm/7x+TIPNLHCTCMgcEgDuW5kH86iQZWo0I7mNwQiTOz+/3ShPFmBw==
  dependencies:
    apollo-utilities "^1.3.0"
    ts-invariant "^0.4.0"
    tslib "^1.9.3"
    zen-observable-ts "^0.8.20"

apollo-utilities@1.3.2, apollo-utilities@^1.3.0, apollo-utilities@^1.3.2:
  version "1.3.2"
  resolved "https://registry.yarnpkg.com/apollo-utilities/-/apollo-utilities-1.3.2.tgz#8cbdcf8b012f664cd6cb5767f6130f5aed9115c9"
  integrity sha512-JWNHj8XChz7S4OZghV6yc9FNnzEXj285QYp/nLNh943iObycI5GTDO3NGR9Dth12LRrSFMeDOConPfPln+WGfg==
  dependencies:
    "@wry/equality" "^0.1.2"
    fast-json-stable-stringify "^2.0.0"
    ts-invariant "^0.4.0"
    tslib "^1.9.3"

balanced-match@^1.0.0:
  version "1.0.0"
  resolved "https://registry.yarnpkg.com/balanced-match/-/balanced-match-1.0.0.tgz#89b4d199ab2bee49de164ea02b89ce462d71b767"
  integrity sha1-ibTRmasr7kneFk6gK4nORi1xt2c=

brace-expansion@^1.1.7:
  version "1.1.11"
  resolved "https://registry.yarnpkg.com/brace-expansion/-/brace-expansion-1.1.11.tgz#3c7fcbf529d87226f3d2f52b966ff5271eb441dd"
  integrity sha512-iCuPHDFgrHX7H2vEI/5xpz07zSHB00TpugqhmYtVmMO6518mCuRMoOYFldEBl0g187ufozdaHgWKcYFb61qGiA==
  dependencies:
    balanced-match "^1.0.0"
    concat-map "0.0.1"

chalk@^2.4.2:
  version "2.4.2"
  resolved "https://registry.yarnpkg.com/chalk/-/chalk-2.4.2.tgz#cd42541677a54333cf541a49108c1432b44c9424"
  integrity sha512-Mti+f9lpJNcwF4tWV8/OrTTtF1gZi+f8FqlyAdouralcFWFQWF2+NgCHShjkCb+IFBLq9buZwE1xckQU4peSuQ==
  dependencies:
    ansi-styles "^3.2.1"
    escape-string-regexp "^1.0.5"
    supports-color "^5.3.0"

chalk@^3.0.0:
  version "3.0.0"
  resolved "https://registry.yarnpkg.com/chalk/-/chalk-3.0.0.tgz#3f73c2bf526591f574cc492c51e2456349f844e4"
  integrity sha512-4D3B6Wf41KOYRFdszmDqMCGq5VV/uMAB273JILmO+3jAlh8X4qDtdtgCR3fxtbLEMzSx22QdhnDcJvu2u1fVwg==
  dependencies:
    ansi-styles "^4.1.0"
    supports-color "^7.1.0"

cli-cursor@^3.1.0:
  version "3.1.0"
  resolved "https://registry.yarnpkg.com/cli-cursor/-/cli-cursor-3.1.0.tgz#264305a7ae490d1d03bf0c9ba7c925d1753af307"
  integrity sha512-I/zHAwsKf9FqGoXM4WWRACob9+SNukZTd94DWF57E4toouRulbCxcUh6RKUEOQlYTHJnzkPMySvPNaaSLNfLZw==
  dependencies:
    restore-cursor "^3.1.0"

cli-spinners@^2.2.0:
  version "2.2.0"
  resolved "https://registry.yarnpkg.com/cli-spinners/-/cli-spinners-2.2.0.tgz#e8b988d9206c692302d8ee834e7a85c0144d8f77"
  integrity sha512-tgU3fKwzYjiLEQgPMD9Jt+JjHVL9kW93FiIMX/l7rivvOD4/LL0Mf7gda3+4U2KJBloybwgj5KEoQgGRioMiKQ==

clone@^1.0.2:
  version "1.0.4"
  resolved "https://registry.yarnpkg.com/clone/-/clone-1.0.4.tgz#da309cc263df15994c688ca902179ca3c7cd7c7e"
  integrity sha1-2jCcwmPfFZlMaIypAheco8fNfH4=

color-convert@^1.9.0:
  version "1.9.3"
  resolved "https://registry.yarnpkg.com/color-convert/-/color-convert-1.9.3.tgz#bb71850690e1f136567de629d2d5471deda4c1e8"
  integrity sha512-QfAUtd+vFdAtFQcC8CCyYt1fYWxSqAiK2cSD6zDB8N3cpsEBAvRxp9zOGg6G/SHHJYAT88/az/IuDGALsNVbGg==
  dependencies:
    color-name "1.1.3"

color-convert@^2.0.1:
  version "2.0.1"
  resolved "https://registry.yarnpkg.com/color-convert/-/color-convert-2.0.1.tgz#72d3a68d598c9bdb3af2ad1e84f21d896abd4de3"
  integrity sha512-RRECPsj7iu/xb5oKYcsFHSppFNnsj/52OVTRKb4zP5onXwVF3zVmmToNcOfGC+CRDpfK/U584fMg38ZHCaElKQ==
  dependencies:
    color-name "~1.1.4"

color-name@1.1.3:
  version "1.1.3"
  resolved "https://registry.yarnpkg.com/color-name/-/color-name-1.1.3.tgz#a7d0558bd89c42f795dd42328f740831ca53bc25"
  integrity sha1-p9BVi9icQveV3UIyj3QIMcpTvCU=

color-name@~1.1.4:
  version "1.1.4"
  resolved "https://registry.yarnpkg.com/color-name/-/color-name-1.1.4.tgz#c2a09a87acbde69543de6f63fa3995c826c536a2"
  integrity sha512-dOy+3AuW3a2wNbZHIuMZpTcgjGuLU/uBL/ubcZF9OXbDo8ff4O8yVp5Bf0efS8uEoYo5q4Fx7dY9OgQGXgAsQA==

commander@^4.0.1:
  version "4.0.1"
  resolved "https://registry.yarnpkg.com/commander/-/commander-4.0.1.tgz#b67622721785993182e807f4883633e6401ba53c"
  integrity sha512-IPF4ouhCP+qdlcmCedhxX4xiGBPyigb8v5NeUp+0LyhwLgxMqyp3S0vl7TAPfS/hiP7FC3caI/PB9lTmP8r1NA==

concat-map@0.0.1:
  version "0.0.1"
  resolved "https://registry.yarnpkg.com/concat-map/-/concat-map-0.0.1.tgz#d8a96bd77fd68df7793a73036a3ba0d5405d477b"
  integrity sha1-2Klr13/Wjfd5OnMDajug1UBdR3s=

defaults@^1.0.3:
  version "1.0.3"
  resolved "https://registry.yarnpkg.com/defaults/-/defaults-1.0.3.tgz#c656051e9817d9ff08ed881477f3fe4019f3ef7d"
  integrity sha1-xlYFHpgX2f8I7YgUd/P+QBnz730=
  dependencies:
    clone "^1.0.2"

escape-string-regexp@^1.0.5:
  version "1.0.5"
  resolved "https://registry.yarnpkg.com/escape-string-regexp/-/escape-string-regexp-1.0.5.tgz#1b61c0562190a8dff6ae3bb2cf0200ca130b86d4"
  integrity sha1-G2HAViGQqN/2rjuyzwIAyhMLhtQ=

fast-json-stable-stringify@^2.0.0:
  version "2.0.0"
  resolved "https://registry.yarnpkg.com/fast-json-stable-stringify/-/fast-json-stable-stringify-2.0.0.tgz#d5142c0caee6b1189f87d3a76111064f86c8bbf2"
  integrity sha1-1RQsDK7msRifh9OnYREGT4bIu/I=

fs.realpath@^1.0.0:
  version "1.0.0"
  resolved "https://registry.yarnpkg.com/fs.realpath/-/fs.realpath-1.0.0.tgz#1504ad2523158caa40db4a2787cb01411994ea4f"
  integrity sha1-FQStJSMVjKpA20onh8sBQRmU6k8=

glob@^7.1.3:
  version "7.1.4"
  resolved "https://registry.yarnpkg.com/glob/-/glob-7.1.4.tgz#aa608a2f6c577ad357e1ae5a5c26d9a8d1969255"
  integrity sha512-hkLPepehmnKk41pUGm3sYxoFs/umurYfYJCerbXEyFIWcAzvpipAgVkBqqT9RBKMGjnq6kMuyYwha6csxbiM1A==
  dependencies:
    fs.realpath "^1.0.0"
    inflight "^1.0.4"
    inherits "2"
    minimatch "^3.0.4"
    once "^1.3.0"
    path-is-absolute "^1.0.0"

graphql@*, graphql@^14.5.8:
  version "14.5.8"
  resolved "https://registry.yarnpkg.com/graphql/-/graphql-14.5.8.tgz#504f3d3114cb9a0a3f359bbbcf38d9e5bf6a6b3c"
  integrity sha512-MMwmi0zlVLQKLdGiMfWkgQD7dY/TUKt4L+zgJ/aR0Howebod3aNgP5JkgvAULiR2HPVZaP2VEElqtdidHweLkg==
  dependencies:
    iterall "^1.2.2"

has-flag@^3.0.0:
  version "3.0.0"
  resolved "https://registry.yarnpkg.com/has-flag/-/has-flag-3.0.0.tgz#b5d454dc2199ae225699f3467e5a07f3b955bafd"
  integrity sha1-tdRU3CGZriJWmfNGfloH87lVuv0=

has-flag@^4.0.0:
  version "4.0.0"
  resolved "https://registry.yarnpkg.com/has-flag/-/has-flag-4.0.0.tgz#944771fd9c81c81265c4d6941860da06bb59479b"
  integrity sha512-EykJT/Q1KjTWctppgIAgfSO0tKVuZUjhgMr17kqTumMl6Afv3EISleU7qZUzoXDFTAHTDC4NOoG/ZxU3EvlMPQ==

inflight@^1.0.4:
  version "1.0.6"
  resolved "https://registry.yarnpkg.com/inflight/-/inflight-1.0.6.tgz#49bd6331d7d02d0c09bc910a1075ba8165b56df9"
  integrity sha1-Sb1jMdfQLQwJvJEKEHW6gWW1bfk=
  dependencies:
    once "^1.3.0"
    wrappy "1"

inherits@2:
  version "2.0.4"
  resolved "https://registry.yarnpkg.com/inherits/-/inherits-2.0.4.tgz#0fa2c64f932917c3433a0ded55363aae37416b7c"
  integrity sha512-k/vGaX4/Yla3WzyMCvTQOXYeIHvqOKtnqBduzTHpzpQZzAskKMhZ2K+EnBiSM9zGSoIFeMpXKxa4dYeZIQqewQ==

is-interactive@^1.0.0:
  version "1.0.0"
  resolved "https://registry.yarnpkg.com/is-interactive/-/is-interactive-1.0.0.tgz#cea6e6ae5c870a7b0a0004070b7b587e0252912e"
  integrity sha512-2HvIEKRoqS62guEC+qBjpvRubdX910WCMuJTZ+I9yvqKU2/12eSL549HMwtabb4oupdj2sMP50k+XJfB/8JE6w==

iterall@^1.2.2:
  version "1.2.2"
  resolved "https://registry.yarnpkg.com/iterall/-/iterall-1.2.2.tgz#92d70deb8028e0c39ff3164fdbf4d8b088130cd7"
  integrity sha512-yynBb1g+RFUPY64fTrFv7nsjRrENBQJaX2UL+2Szc9REFrSNm1rpSXHGzhmAy7a9uv3vlvgBlXnf9RqmPH1/DA==

log-symbols@^3.0.0:
  version "3.0.0"
  resolved "https://registry.yarnpkg.com/log-symbols/-/log-symbols-3.0.0.tgz#f3a08516a5dea893336a7dee14d18a1cfdab77c4"
  integrity sha512-dSkNGuI7iG3mfvDzUuYZyvk5dD9ocYCYzNU6CYDE6+Xqd+gwme6Z00NS3dUh8mq/73HaEtT7m6W+yUPtU6BZnQ==
  dependencies:
    chalk "^2.4.2"

mimic-fn@^2.1.0:
  version "2.1.0"
  resolved "https://registry.yarnpkg.com/mimic-fn/-/mimic-fn-2.1.0.tgz#7ed2c2ccccaf84d3ffcb7a69b57711fc2083401b"
  integrity sha512-OqbOk5oEQeAZ8WXWydlu9HJjz9WVdEIvamMCcXmuqUYjTknH/sqsWvhQ3vgwKFRR1HpjvNBKQ37nbJgYzGqGcg==

minimatch@^3.0.4:
  version "3.0.4"
  resolved "https://registry.yarnpkg.com/minimatch/-/minimatch-3.0.4.tgz#5166e286457f03306064be5497e8dbb0c3d32083"
  integrity sha512-yJHVQEhyqPLUTgt9B83PXu6W3rx4MvvHvSUvToogpwoGDOUQ+yDrR0HRot+yOCdCO7u4hX3pWft6kWBBcqh0UA==
  dependencies:
    brace-expansion "^1.1.7"

minimist@0.0.8:
  version "0.0.8"
  resolved "https://registry.yarnpkg.com/minimist/-/minimist-0.0.8.tgz#857fcabfc3397d2625b8228262e86aa7a011b05d"
  integrity sha1-hX/Kv8M5fSYluCKCYuhqp6ARsF0=

mkdirp@^0.5.1:
  version "0.5.1"
  resolved "https://registry.yarnpkg.com/mkdirp/-/mkdirp-0.5.1.tgz#30057438eac6cf7f8c4767f38648d6697d75c903"
  integrity sha1-MAV0OOrGz3+MR2fzhkjWaX11yQM=
  dependencies:
    minimist "0.0.8"

mute-stream@0.0.8:
  version "0.0.8"
  resolved "https://registry.yarnpkg.com/mute-stream/-/mute-stream-0.0.8.tgz#1630c42b2251ff81e2a283de96a5497ea92e5e0d"
  integrity sha512-nnbWWOkoWyUsTjKrhgD0dcz22mdkSnpYqbEjIm2nhwhuxlSkpywJmBo8h0ZqJdkp73mb90SssHkN4rsRaBAfAA==

node-fetch@^2.6.0:
  version "2.6.0"
  resolved "https://registry.yarnpkg.com/node-fetch/-/node-fetch-2.6.0.tgz#e633456386d4aa55863f676a7ab0daa8fdecb0fd"
  integrity sha512-8dG4H5ujfvFiqDmVu9fQ5bOHUC15JMjMY/Zumv26oOvvVJjM67KF8koCWIabKQ1GJIa9r2mMZscBq/TbdOcmNA==

once@^1.3.0:
  version "1.4.0"
  resolved "https://registry.yarnpkg.com/once/-/once-1.4.0.tgz#583b1aa775961d4b113ac17d9c50baef9dd76bd1"
  integrity sha1-WDsap3WWHUsROsF9nFC6753Xa9E=
  dependencies:
    wrappy "1"

onetime@^5.1.0:
  version "5.1.0"
  resolved "https://registry.yarnpkg.com/onetime/-/onetime-5.1.0.tgz#fff0f3c91617fe62bb50189636e99ac8a6df7be5"
  integrity sha512-5NcSkPHhwTVFIQN+TUqXoS5+dlElHXdpAWu9I0HP20YOtIi+aZ0Ct82jdlILDxjLEAWwvm+qj1m6aEtsDVmm6Q==
  dependencies:
    mimic-fn "^2.1.0"

ora@^4.0.3:
  version "4.0.3"
  resolved "https://registry.yarnpkg.com/ora/-/ora-4.0.3.tgz#752a1b7b4be4825546a7a3d59256fa523b6b6d05"
  integrity sha512-fnDebVFyz309A73cqCipVL1fBZewq4vwgSHfxh43vVy31mbyoQ8sCH3Oeaog/owYOs/lLlGVPCISQonTneg6Pg==
  dependencies:
    chalk "^3.0.0"
    cli-cursor "^3.1.0"
    cli-spinners "^2.2.0"
    is-interactive "^1.0.0"
    log-symbols "^3.0.0"
    mute-stream "0.0.8"
    strip-ansi "^6.0.0"
    wcwidth "^1.0.1"

path-is-absolute@^1.0.0:
  version "1.0.1"
  resolved "https://registry.yarnpkg.com/path-is-absolute/-/path-is-absolute-1.0.1.tgz#174b9268735534ffbc7ace6bf53a5a9e1b5c5f5f"
  integrity sha1-F0uSaHNVNP+8es5r9TpanhtcX18=

prettier@^1.19.1:
  version "1.19.1"
  resolved "https://registry.yarnpkg.com/prettier/-/prettier-1.19.1.tgz#f7d7f5ff8a9cd872a7be4ca142095956a60797cb"
  integrity sha512-s7PoyDv/II1ObgQunCbB9PdLmUcBZcnWOcxDh7O0N/UwDEsHyqkW+Qh28jW+mVuCdx7gLB0BotYI1Y6uI9iyew==

querystringify@^2.1.1:
  version "2.1.1"
  resolved "https://registry.yarnpkg.com/querystringify/-/querystringify-2.1.1.tgz#60e5a5fd64a7f8bfa4d2ab2ed6fdf4c85bad154e"
  integrity sha512-w7fLxIRCRT7U8Qu53jQnJyPkYZIaR4n5151KMfcJlO/A9397Wxb1amJvROTK6TOnp7PfoAmg/qXiNHI+08jRfA==

restore-cursor@^3.1.0:
  version "3.1.0"
  resolved "https://registry.yarnpkg.com/restore-cursor/-/restore-cursor-3.1.0.tgz#39f67c54b3a7a58cea5236d95cf0034239631f7e"
  integrity sha512-l+sSefzHpj5qimhFSE5a8nufZYAM3sBSVMAPtYkmC+4EH2anSGaEMXSD0izRQbu9nfyQ9y5JrVmp7E8oZrUjvA==
  dependencies:
    onetime "^5.1.0"
    signal-exit "^3.0.2"

rimraf@^3.0.0:
  version "3.0.0"
  resolved "https://registry.yarnpkg.com/rimraf/-/rimraf-3.0.0.tgz#614176d4b3010b75e5c390eb0ee96f6dc0cebb9b"
  integrity sha512-NDGVxTsjqfunkds7CqsOiEnxln4Bo7Nddl3XhS4pXg5OzwkLqJ971ZVAAnB+DDLnF76N+VnDEiBHaVV8I06SUg==
  dependencies:
    glob "^7.1.3"

signal-exit@^3.0.2:
  version "3.0.2"
  resolved "https://registry.yarnpkg.com/signal-exit/-/signal-exit-3.0.2.tgz#b5fdc08f1287ea1178628e415e25132b73646c6d"
  integrity sha1-tf3AjxKH6hF4Yo5BXiUTK3NkbG0=

strip-ansi@^6.0.0:
  version "6.0.0"
  resolved "https://registry.yarnpkg.com/strip-ansi/-/strip-ansi-6.0.0.tgz#0b1571dd7669ccd4f3e06e14ef1eed26225ae532"
  integrity sha512-AuvKTrTfQNYNIctbR1K/YGTR1756GycPsg7b9bdV9Duqur4gv6aKqHXah67Z8ImS7WEz5QVcOtlfW2rZEugt6w==
  dependencies:
    ansi-regex "^5.0.0"

supports-color@^5.3.0:
  version "5.5.0"
  resolved "https://registry.yarnpkg.com/supports-color/-/supports-color-5.5.0.tgz#e2e69a44ac8772f78a1ec0b35b689df6530efc8f"
  integrity sha512-QjVjwdXIt408MIiAqCX4oUKsgU2EqAGzs2Ppkm4aQYbjm+ZEWEcW4SfFNTr4uMNZma0ey4f5lgLrkB0aX0QMow==
  dependencies:
    has-flag "^3.0.0"

supports-color@^7.1.0:
  version "7.1.0"
  resolved "https://registry.yarnpkg.com/supports-color/-/supports-color-7.1.0.tgz#68e32591df73e25ad1c4b49108a2ec507962bfd1"
  integrity sha512-oRSIpR8pxT1Wr2FquTNnGet79b3BWljqOuoW/h4oBhxJ/HUbX5nX6JSruTkvXDCFMwDPvsaTTbvMLKZWSy0R5g==
  dependencies:
    has-flag "^4.0.0"

symbol-observable@^1.0.2:
  version "1.2.0"
  resolved "https://registry.yarnpkg.com/symbol-observable/-/symbol-observable-1.2.0.tgz#c22688aed4eab3cdc2dfeacbb561660560a00804"
  integrity sha512-e900nM8RRtGhlV36KGEU9k65K3mPb1WV70OdjfxlG2EAuM1noi/E/BaW/uMhL7bPEssK8QV57vN3esixjUvcXQ==

ts-invariant@^0.4.0:
  version "0.4.4"
  resolved "https://registry.yarnpkg.com/ts-invariant/-/ts-invariant-0.4.4.tgz#97a523518688f93aafad01b0e80eb803eb2abd86"
  integrity sha512-uEtWkFM/sdZvRNNDL3Ehu4WVpwaulhwQszV8mrtcdeE8nN00BV9mAmQ88RkrBhFgl9gMgvjJLAQcZbnPXI9mlA==
  dependencies:
    tslib "^1.9.3"

tslib@^1.9.3:
  version "1.10.0"
  resolved "https://registry.yarnpkg.com/tslib/-/tslib-1.10.0.tgz#c3c19f95973fb0a62973fb09d90d961ee43e5c8a"
  integrity sha512-qOebF53frne81cf0S9B41ByenJ3/IuH8yJKngAX35CmiZySA0khhkovshKK+jGCaMnVomla7gVlIcc3EvKPbTQ==

typescript@^3.7.2:
  version "3.7.2"
  resolved "https://registry.yarnpkg.com/typescript/-/typescript-3.7.2.tgz#27e489b95fa5909445e9fef5ee48d81697ad18fb"
  integrity sha512-ml7V7JfiN2Xwvcer+XAf2csGO1bPBdRbFCkYBczNZggrBZ9c7G3riSUeJmqEU5uOtXNPMhE3n+R4FA/3YOAWOQ==

wcwidth@^1.0.1:
  version "1.0.1"
  resolved "https://registry.yarnpkg.com/wcwidth/-/wcwidth-1.0.1.tgz#f0b0dcf915bc5ff1528afadb2c0e17b532da2fe8"
  integrity sha1-8LDc+RW8X/FSivrbLA4XtTLaL+g=
  dependencies:
    defaults "^1.0.3"

wrappy@1:
  version "1.0.2"
  resolved "https://registry.yarnpkg.com/wrappy/-/wrappy-1.0.2.tgz#b5243d8f3ec1aa35f1364605bc0d1036e30ab69f"
  integrity sha1-tSQ9jz7BqjXxNkYFvA0QNuMKtp8=

zen-observable-ts@^0.8.20:
  version "0.8.20"
  resolved "https://registry.yarnpkg.com/zen-observable-ts/-/zen-observable-ts-0.8.20.tgz#44091e335d3fcbc97f6497e63e7f57d5b516b163"
  integrity sha512-2rkjiPALhOtRaDX6pWyNqK1fnP5KkJJybYebopNSn6wDG1lxBoFs2+nwwXKoA6glHIrtwrfBBy6da0stkKtTAA==
  dependencies:
    tslib "^1.9.3"
    zen-observable "^0.8.0"

zen-observable@^0.8.0:
  version "0.8.14"
  resolved "https://registry.yarnpkg.com/zen-observable/-/zen-observable-0.8.14.tgz#d33058359d335bc0db1f0af66158b32872af3bf7"
  integrity sha512-kQz39uonEjEESwh+qCi83kcC3rZJGh4mrZW7xjkSQYXkq//JZHTtKo+6yuVloTgMtzsIWOJrjIrKvk/dqm0L5g==
